
Microsoft Visual Studio Solution File, Format Version 12.00
Project("{FAE04EC0-301F-11D3-BF4B-00C04F79EFBC}") = "apbd-cw1-git-s31225", "apbd-cw1-git-s31225\apbd-cw1-git-s31225.csproj", "{4DC1F867-B86E-47D4-9A87-5FCADF961839}"
EndProject
Global
	GlobalSection(SolutionConfigurationPlatforms) = preSolution
		Debug|Any CPU = Debug|Any CPU
		Release|Any CPU = Release|Any CPU
	EndGlobalSection
	GlobalSection(ProjectConfigurationPlatforms) = postSolution
		{4DC1F867-B86E-47D4-9A87-5FCADF961839}.Debug|Any CPU.ActiveCfg = Debug|Any CPU
		{4DC1F867-B86E-47D4-9A87-5FCADF961839}.Debug|Any CPU.Build.0 = Debug|Any CPU
		{4DC1F867-B86E-47D4-9A87-5FCADF961839}.Release|Any CPU.ActiveCfg = Release|Any CPU
		{4DC1F867-B86E-47D4-9A87-5FCADF961839}.Release|Any CPU.Build.0 = Release|Any CPU
	EndGlobalSection
EndGlobal
